
Microsoft Visual Studio Solution File, Format Version 12.00
# Visual Studio Version 17
VisualStudioVersion = 17.8.34330.188
MinimumVisualStudioVersion = 10.0.40219.1
Project("{FAE04EC0-301F-11D3-BF4B-00C04F79EFBC}") = "Practice", "Practice.csproj", "{2F2F11BA-C8FE-4986-B07A-FEB018895EF3}"
EndProject
Global
	GlobalSection(SolutionConfigurationPlatforms) = preSolution
		Debug|Any CPU = Debug|Any CPU
		Release|Any CPU = Release|Any CPU
	EndGlobalSection
	GlobalSection(ProjectConfigurationPlatforms) = postSolution
		{2F2F11BA-C8FE-4986-B07A-FEB018895EF3}.Debug|Any CPU.ActiveCfg = Debug|Any CPU
		{2F2F11BA-C8FE-4986-B07A-FEB018895EF3}.Debug|Any CPU.Build.0 = Debug|Any CPU
		{2F2F11BA-C8FE-4986-B07A-FEB018895EF3}.Release|Any CPU.ActiveCfg = Release|Any CPU
		{2F2F11BA-C8FE-4986-B07A-FEB018895EF3}.Release|Any CPU.Build.0 = Release|Any CPU
	EndGlobalSection
	GlobalSection(SolutionProperties) = preSolution
		HideSolutionNode = FALSE
	EndGlobalSection
	GlobalSection(ExtensibilityGlobals) = postSolution
		SolutionGuid = {82EE98FD-FABB-4393-9D77-1EE8FA8495B5}
	EndGlobalSection
EndGlobal
